// !$*UTF8*$!
{
	archiveVersion = 1;
	classes = {
	};
	objectVersion = 48;
	objects = {

/* Begin PBXBuildFile section */
		5D3464ED200ECC4A0096D21B /* AppDelegate.swift in Sources */ = {isa = PBXBuildFile; fileRef = 5D3464EC200ECC4A0096D21B /* AppDelegate.swift */; };
		5D3464F7200ECC4A0096D21B /* LaunchScreen.storyboard in Resources */ = {isa = PBXBuildFile; fileRef = 5D3464F5200ECC4A0096D21B /* LaunchScreen.storyboard */; };
		5D36E2422036424A008DA546 /* Main.storyboard in Resources */ = {isa = PBXBuildFile; fileRef = 5D3464F0200ECC4A0096D21B /* Main.storyboard */; };
		5D3DB33A20364189007785EA /* Assets.xcassets in Resources */ = {isa = PBXBuildFile; fileRef = 5D3464F3200ECC4A0096D21B /* Assets.xcassets */; };
		5D9A438F201457EC00DED853 /* ViewController.swift in Sources */ = {isa = PBXBuildFile; fileRef = 5D3464EE200ECC4A0096D21B /* ViewController.swift */; };
		5D9A43972018634700DED853 /* DataCell.swift in Sources */ = {isa = PBXBuildFile; fileRef = 5D9A43962018634700DED853 /* DataCell.swift */; };
		5D9A43992019890300DED853 /* DetailsViewController.swift in Sources */ = {isa = PBXBuildFile; fileRef = 5D9A43982019890300DED853 /* DetailsViewController.swift */; };
		5D9E2FB4201AE69D0063AE11 /* FoodListSetUp.swift in Sources */ = {isa = PBXBuildFile; fileRef = 5D9E2FB3201AE69D0063AE11 /* FoodListSetUp.swift */; };
		5D9E2FB620227D8E0063AE11 /* RequestItemViewController.swift in Sources */ = {isa = PBXBuildFile; fileRef = 5D9E2FB520227D8E0063AE11 /* RequestItemViewController.swift */; };
/* End PBXBuildFile section */

/* Begin PBXFileReference section */
		5D3464E9200ECC4A0096D21B /* NibbleList.app */ = {isa = PBXFileReference; explicitFileType = wrapper.application; includeInIndex = 0; path = NibbleList.app; sourceTree = BUILT_PRODUCTS_DIR; };
		5D3464EC200ECC4A0096D21B /* AppDelegate.swift */ = {isa = PBXFileReference; lastKnownFileType = sourcecode.swift; path = AppDelegate.swift; sourceTree = "<group>"; };
		5D3464EE200ECC4A0096D21B /* ViewController.swift */ = {isa = PBXFileReference; lastKnownFileType = sourcecode.swift; path = ViewController.swift; sourceTree = "<group>"; };
		5D3464F1200ECC4A0096D21B /* Base */ = {isa = PBXFileReference; lastKnownFileType = file.storyboard; name = Base; path = Base.lproj/Main.storyboard; sourceTree = "<group>"; };
		5D3464F3200ECC4A0096D21B /* Assets.xcassets */ = {isa = PBXFileReference; lastKnownFileType = folder.assetcatalog; path = Assets.xcassets; sourceTree = "<group>"; };
		5D3464F6200ECC4A0096D21B /* Base */ = {isa = PBXFileReference; lastKnownFileType = file.storyboard; name = Base; path = Base.lproj/LaunchScreen.storyboard; sourceTree = "<group>"; };
		5D3464F8200ECC4A0096D21B /* Info.plist */ = {isa = PBXFileReference; lastKnownFileType = text.plist.xml; path = Info.plist; sourceTree = "<group>"; };
		5D9A43962018634700DED853 /* DataCell.swift */ = {isa = PBXFileReference; lastKnownFileType = sourcecode.swift; path = DataCell.swift; sourceTree = "<group>"; };
		5D9A43982019890300DED853 /* DetailsViewController.swift */ = {isa = PBXFileReference; lastKnownFileType = sourcecode.swift; path = DetailsViewController.swift; sourceTree = "<group>"; };
		5D9E2FB3201AE69D0063AE11 /* FoodListSetUp.swift */ = {isa = PBXFileReference; lastKnownFileType = sourcecode.swift; path = FoodListSetUp.swift; sourceTree = "<group>"; };
		5D9E2FB520227D8E0063AE11 /* RequestItemViewController.swift */ = {isa = PBXFileReference; lastKnownFileType = sourcecode.swift; path = RequestItemViewController.swift; sourceTree = "<group>"; };
/* End PBXFileReference section */

/* Begin PBXFrameworksBuildPhase section */
		5D3464E6200ECC4A0096D21B /* Frameworks */ = {
			isa = PBXFrameworksBuildPhase;
			buildActionMask = 2147483647;
			files = (
			);
			runOnlyForDeploymentPostprocessing = 0;
		};
/* End PBXFrameworksBuildPhase section */

/* Begin PBXGroup section */
		5D3464E0200ECC4A0096D21B = {
			isa = PBXGroup;
			children = (
				5D3464EB200ECC4A0096D21B /* NibbleList */,
				5D3464EA200ECC4A0096D21B /* Products */,
				5D3464F3200ECC4A0096D21B /* Assets.xcassets */,
			);
			sourceTree = "<group>";
		};
		5D3464EA200ECC4A0096D21B /* Products */ = {
			isa = PBXGroup;
			children = (
				5D3464E9200ECC4A0096D21B /* NibbleList.app */,
			);
			name = Products;
			sourceTree = "<group>";
		};
		5D3464EB200ECC4A0096D21B /* NibbleList */ = {
			isa = PBXGroup;
			children = (
				5D3464EC200ECC4A0096D21B /* AppDelegate.swift */,
				5D3464EE200ECC4A0096D21B /* ViewController.swift */,
				5D9A43962018634700DED853 /* DataCell.swift */,
				5D9E2FB3201AE69D0063AE11 /* FoodListSetUp.swift */,
				5D9A43982019890300DED853 /* DetailsViewController.swift */,
				5D9E2FB520227D8E0063AE11 /* RequestItemViewController.swift */,
				5D3464F0200ECC4A0096D21B /* Main.storyboard */,
				5D3464F5200ECC4A0096D21B /* LaunchScreen.storyboard */,
				5D3464F8200ECC4A0096D21B /* Info.plist */,
			);
			path = NibbleList;
			sourceTree = "<group>";
		};
/* End PBXGroup section */

/* Begin PBXNativeTarget section */
		5D3464E8200ECC4A0096D21B /* NibbleList */ = {
			isa = PBXNativeTarget;
			buildConfigurationList = 5D3464FB200ECC4A0096D21B /* Build configuration list for PBXNativeTarget "NibbleList" */;
			buildPhases = (
				5D3464E5200ECC4A0096D21B /* Sources */,
				5D3464E6200ECC4A0096D21B /* Frameworks */,
				5D3464E7200ECC4A0096D21B /* Resources */,
			);
			buildRules = (
			);
			dependencies = (
			);
			name = NibbleList;
			productName = NibbleList;
			productReference = 5D3464E9200ECC4A0096D21B /* NibbleList.app */;
			productType = "com.apple.product-type.application";
		};
/* End PBXNativeTarget section */

/* Begin PBXProject section */
		5D3464E1200ECC4A0096D21B /* Project object */ = {
			isa = PBXProject;
			attributes = {
				LastSwiftUpdateCheck = 0920;
				LastUpgradeCheck = 0930;
				ORGANIZATIONNAME = "Herman Kwan";
				TargetAttributes = {
					5D3464E8200ECC4A0096D21B = {
						CreatedOnToolsVersion = 9.2;
						ProvisioningStyle = Automatic;
					};
				};
			};
			buildConfigurationList = 5D3464E4200ECC4A0096D21B /* Build configuration list for PBXProject "NibbleList" */;
			compatibilityVersion = "Xcode 8.0";
			developmentRegion = en;
			hasScannedForEncodings = 0;
			knownRegions = (
				en,
				Base,
			);
			mainGroup = 5D3464E0200ECC4A0096D21B;
			productRefGroup = 5D3464EA200ECC4A0096D21B /* Products */;
			projectDirPath = "";
			projectRoot = "";
			targets = (
				5D3464E8200ECC4A0096D21B /* NibbleList */,
			);
		};
/* End PBXProject section */

/* Begin PBXResourcesBuildPhase section */
		5D3464E7200ECC4A0096D21B /* Resources */ = {
			isa = PBXResourcesBuildPhase;
			buildActionMask = 2147483647;
			files = (
				5D36E2422036424A008DA546 /* Main.storyboard in Resources */,
				5D3464F7200ECC4A0096D21B /* LaunchScreen.storyboard in Resources */,
				5D3DB33A20364189007785EA /* Assets.xcassets in Resources */,
			);
			runOnlyForDeploymentPostprocessing = 0;
		};
/* End PBXResourcesBuildPhase section */

/* Begin PBXSourcesBuildPhase section */
		5D3464E5200ECC4A0096D21B /* Sources */ = {
			isa = PBXSourcesBuildPhase;
			buildActionMask = 2147483647;
			files = (
				5D9A438F201457EC00DED853 /* ViewController.swift in Sources */,
				5D9A43972018634700DED853 /* DataCell.swift in Sources */,
				5D3464ED200ECC4A0096D21B /* AppDelegate.swift in Sources */,
				5D9E2FB620227D8E0063AE11 /* RequestItemViewController.swift in Sources */,
				5D9A43992019890300DED853 /* DetailsViewController.swift in Sources */,
				5D9E2FB4201AE69D0063AE11 /* FoodListSetUp.swift in Sources */,
			);
			runOnlyForDeploymentPostprocessing = 0;
		};
/* End PBXSourcesBuildPhase section */

/* Begin PBXVariantGroup section */
		5D3464F0200ECC4A0096D21B /* Main.storyboard */ = {
			isa = PBXVariantGroup;
			children = (
				5D3464F1200ECC4A0096D21B /* Base */,
			);
			name = Main.storyboard;
			sourceTree = "<group>";
		};
		5D3464F5200ECC4A0096D21B /* LaunchScreen.storyboard */ = {
			isa = PBXVariantGroup;
			children = (
				5D3464F6200ECC4A0096D21B /* Base */,
			);
			name = LaunchScreen.storyboard;
			sourceTree = "<group>";
		};
/* End PBXVariantGroup section */

/* Begin XCBuildConfiguration section */
		5D3464F9200ECC4A0096D21B /* Debug */ = {
			isa = XCBuildConfiguration;
			buildSettings = {
				ALWAYS_SEARCH_USER_PATHS = NO;
				CLANG_ANALYZER_NONNULL = YES;
				CLANG_ANALYZER_NUMBER_OBJECT_CONVERSION = YES_AGGRESSIVE;
				CLANG_CXX_LANGUAGE_STANDARD = "gnu++14";
				CLANG_CXX_LIBRARY = "libc++";
				CLANG_ENABLE_MODULES = YES;
				CLANG_ENABLE_OBJC_ARC = YES;
				CLANG_WARN_BLOCK_CAPTURE_AUTORELEASING = YES;
				CLANG_WARN_BOOL_CONVERSION = YES;
				CLANG_WARN_COMMA = YES;
				CLANG_WARN_CONSTANT_CONVERSION = YES;
				CLANG_WARN_DEPRECATED_OBJC_IMPLEMENTATIONS = YES;
				CLANG_WARN_DIRECT_OBJC_ISA_USAGE = YES_ERROR;
				CLANG_WARN_DOCUMENTATION_COMMENTS = YES;
				CLANG_WARN_EMPTY_BODY = YES;
				CLANG_WARN_ENUM_CONVERSION = YES;
				CLANG_WARN_INFINITE_RECURSION = YES;
				CLANG_WARN_INT_CONVERSION = YES;
				CLANG_WARN_NON_LITERAL_NULL_CONVERSION = YES;
				CLANG_WARN_OBJC_IMPLICIT_RETAIN_SELF = YES;
				CLANG_WARN_OBJC_LITERAL_CONVERSION = YES;
				CLANG_WARN_OBJC_ROOT_CLASS = YES_ERROR;
				CLANG_WARN_RANGE_LOOP_ANALYSIS = YES;
				CLANG_WARN_STRICT_PROTOTYPES = YES;
				CLANG_WARN_SUSPICIOUS_MOVE = YES;
				CLANG_WARN_UNGUARDED_AVAILABILITY = YES_AGGRESSIVE;
				CLANG_WARN_UNREACHABLE_CODE = YES;
				CLANG_WARN__DUPLICATE_METHOD_MATCH = YES;
				CODE_SIGN_IDENTITY = "iPhone Developer";
				COPY_PHASE_STRIP = NO;
				DEBUG_INFORMATION_FORMAT = dwarf;
				ENABLE_STRICT_OBJC_MSGSEND = YES;
				ENABLE_TESTABILITY = YES;
				GCC_C_LANGUAGE_STANDARD = gnu11;
				GCC_DYNAMIC_NO_PIC = NO;
				GCC_NO_COMMON_BLOCKS = YES;
				GCC_OPTIMIZATION_LEVEL = 0;
				GCC_PREPROCESSOR_DEFINITIONS = (
					"DEBUG=1",
					"$(inherited)",
				);
				GCC_WARN_64_TO_32_BIT_CONVERSION = YES;
				GCC_WARN_ABOUT_RETURN_TYPE = YES_ERROR;
				GCC_WARN_UNDECLARED_SELECTOR = YES;
				GCC_WARN_UNINITIALIZED_AUTOS = YES_AGGRESSIVE;
				GCC_WARN_UNUSED_FUNCTION = YES;
				GCC_WARN_UNUSED_VARIABLE = YES;
				IPHONEOS_DEPLOYMENT_TARGET = 11.2;
				MTL_ENABLE_DEBUG_INFO = YES;
				ONLY_ACTIVE_ARCH = YES;
				SDKROOT = iphoneos;
				SWIFT_ACTIVE_COMPILATION_CONDITIONS = DEBUG;
				SWIFT_OPTIMIZATION_LEVEL = "-Onone";
			};
			name = Debug;
		};
		5D3464FA200ECC4A0096D21B /* Release */ = {
			isa = XCBuildConfiguration;
			buildSettings = {
				ALWAYS_SEARCH_USER_PATHS = NO;
				CLANG_ANALYZER_NONNULL = YES;
				CLANG_ANALYZER_NUMBER_OBJECT_CONVERSION = YES_AGGRESSIVE;
				CLANG_CXX_LANGUAGE_STANDARD = "gnu++14";
				CLANG_CXX_LIBRARY = "libc++";
				CLANG_ENABLE_MODULES = YES;
				CLANG_ENABLE_OBJC_ARC = YES;
				CLANG_WARN_BLOCK_CAPTURE_AUTORELEASING = YES;
				CLANG_WARN_BOOL_CONVERSION = YES;
				CLANG_WARN_COMMA = YES;
				CLANG_WARN_CONSTANT_CONVERSION = YES;
				CLANG_WARN_DEPRECATED_OBJC_IMPLEMENTATIONS = YES;
				CLANG_WARN_DIRECT_OBJC_ISA_USAGE = YES_ERROR;
				CLANG_WARN_DOCUMENTATION_COMMENTS = YES;
				CLANG_WARN_EMPTY_BODY = YES;
				CLANG_WARN_ENUM_CONVERSION = YES;
				CLANG_WARN_INFINITE_RECURSION = YES;
				CLANG_WARN_INT_CONVERSION = YES;
				CLANG_WARN_NON_LITERAL_NULL_CONVERSION = YES;
				CLANG_WARN_OBJC_IMPLICIT_RETAIN_SELF = YES;
				CLANG_WARN_OBJC_LITERAL_CONVERSION = YES;
				CLANG_WARN_OBJC_ROOT_CLASS = YES_ERROR;
				CLANG_WARN_RANGE_LOOP_ANALYSIS = YES;
				CLANG_WARN_STRICT_PROTOTYPES = YES;
				CLANG_WARN_SUSPICIOUS_MOVE = YES;
				CLANG_WARN_UNGUARDED_AVAILABILITY = YES_AGGRESSIVE;
				CLANG_WARN_UNREACHABLE_CODE = YES;
				CLANG_WARN__DUPLICATE_METHOD_MATCH = YES;
				CODE_SIGN_IDENTITY = "iPhone Developer";
				COPY_PHASE_STRIP = NO;
				DEBUG_INFORMATION_FORMAT = "dwarf-with-dsym";
				ENABLE_NS_ASSERTIONS = NO;
				ENABLE_STRICT_OBJC_MSGSEND = YES;
				GCC_C_LANGUAGE_STANDARD = gnu11;
				GCC_NO_COMMON_BLOCKS = YES;
				GCC_WARN_64_TO_32_BIT_CONVERSION = YES;
				GCC_WARN_ABOUT_RETURN_TYPE = YES_ERROR;
				GCC_WARN_UNDECLARED_SELECTOR = YES;
				GCC_WARN_UNINITIALIZED_AUTOS = YES_AGGRESSIVE;
				GCC_WARN_UNUSED_FUNCTION = YES;
				GCC_WARN_UNUSED_VARIABLE = YES;
				IPHONEOS_DEPLOYMENT_TARGET = 11.2;
				MTL_ENABLE_DEBUG_INFO = NO;
				SDKROOT = iphoneos;
				SWIFT_OPTIMIZATION_LEVEL = "-Owholemodule";
				VALIDATE_PRODUCT = YES;
			};
			name = Release;
		};
		5D3464FC200ECC4A0096D21B /* Debug */ = {
			isa = XCBuildConfiguration;
			buildSettings = {
				ASSETCATALOG_COMPILER_APPICON_NAME = AppIcon;
				CODE_SIGN_STYLE = Automatic;
				DEVELOPMENT_TEAM = M7K48WSGV7;
				INFOPLIST_FILE = NibbleList/Info.plist;
				LD_RUNPATH_SEARCH_PATHS = "$(inherited) @executable_path/Frameworks";
				PRODUCT_BUNDLE_IDENTIFIER = com.example.NibbleList;
				PRODUCT_NAME = "$(TARGET_NAME)";
				SWIFT_VERSION = 4.0;
				TARGETED_DEVICE_FAMILY = "1,2";
			};
			name = Debug;
		};
		5D3464FD200ECC4A0096D21B /* Release */ = {
			isa = XCBuildConfiguration;
			buildSettings = {
				ASSETCATALOG_COMPILER_APPICON_NAME = AppIcon;
				CODE_SIGN_STYLE = Automatic;
				DEVELOPMENT_TEAM = M7K48WSGV7;
				INFOPLIST_FILE = NibbleList/Info.plist;
				LD_RUNPATH_SEARCH_PATHS = "$(inherited) @executable_path/Frameworks";
				PRODUCT_BUNDLE_IDENTIFIER = com.example.NibbleList;
				PRODUCT_NAME = "$(TARGET_NAME)";
				SWIFT_VERSION = 4.0;
				TARGETED_DEVICE_FAMILY = "1,2";
			};
			name = Release;
		};
/* End XCBuildConfiguration section */

/* Begin XCConfigurationList section */
		5D3464E4200ECC4A0096D21B /* Build configuration list for PBXProject "NibbleList" */ = {
			isa = XCConfigurationList;
			buildConfigurations = (
				5D3464F9200ECC4A0096D21B /* Debug */,
				5D3464FA200ECC4A0096D21B /* Release */,
			);
			defaultConfigurationIsVisible = 0;
			defaultConfigurationName = Release;
		};
		5D3464FB200ECC4A0096D21B /* Build configuration list for PBXNativeTarget "NibbleList" */ = {
			isa = XCConfigurationList;
			buildConfigurations = (
				5D3464FC200ECC4A0096D21B /* Debug */,
				5D3464FD200ECC4A0096D21B /* Release */,
			);
			defaultConfigurationIsVisible = 0;
			defaultConfigurationName = Release;
		};
/* End XCConfigurationList section */
	};
	rootObject = 5D3464E1200ECC4A0096D21B /* Project object */;
}
